
Microsoft Visual Studio Solution File, Format Version 12.00
# Visual Studio Version 16
VisualStudioVersion = 16.0.29123.88
MinimumVisualStudioVersion = 10.0.40219.1
Project("{FAE04EC0-301F-11D3-BF4B-00C04F79EFBC}") = "parking_lot", "parking_lot\parking_lot.csproj", "{EB991545-A6AE-41CE-8019-62256AA87ED2}"
EndProject
Project("{FAE04EC0-301F-11D3-BF4B-00C04F79EFBC}") = "parking_lot_service_test", "parking_lot_service_test\parking_lot_service_test.csproj", "{3F058832-C630-41D0-AEF9-E0815A3D111B}"
EndProject
Project("{FAE04EC0-301F-11D3-BF4B-00C04F79EFBC}") = "parking_lot_services", "parking_lot_services\parking_lot_services.csproj", "{42E2B1FB-DB93-42AB-AA5A-9FCF27E53C6A}"
EndProject
Global
	GlobalSection(SolutionConfigurationPlatforms) = preSolution
		Debug|Any CPU = Debug|Any CPU
		Release|Any CPU = Release|Any CPU
	EndGlobalSection
	GlobalSection(ProjectConfigurationPlatforms) = postSolution
		{EB991545-A6AE-41CE-8019-62256AA87ED2}.Debug|Any CPU.ActiveCfg = Debug|Any CPU
		{EB991545-A6AE-41CE-8019-62256AA87ED2}.Debug|Any CPU.Build.0 = Debug|Any CPU
		{EB991545-A6AE-41CE-8019-62256AA87ED2}.Release|Any CPU.ActiveCfg = Release|Any CPU
		{EB991545-A6AE-41CE-8019-62256AA87ED2}.Release|Any CPU.Build.0 = Release|Any CPU
		{3F058832-C630-41D0-AEF9-E0815A3D111B}.Debug|Any CPU.ActiveCfg = Debug|Any CPU
		{3F058832-C630-41D0-AEF9-E0815A3D111B}.Debug|Any CPU.Build.0 = Debug|Any CPU
		{3F058832-C630-41D0-AEF9-E0815A3D111B}.Release|Any CPU.ActiveCfg = Release|Any CPU
		{3F058832-C630-41D0-AEF9-E0815A3D111B}.Release|Any CPU.Build.0 = Release|Any CPU
		{42E2B1FB-DB93-42AB-AA5A-9FCF27E53C6A}.Debug|Any CPU.ActiveCfg = Debug|Any CPU
		{42E2B1FB-DB93-42AB-AA5A-9FCF27E53C6A}.Debug|Any CPU.Build.0 = Debug|Any CPU
		{42E2B1FB-DB93-42AB-AA5A-9FCF27E53C6A}.Release|Any CPU.ActiveCfg = Release|Any CPU
		{42E2B1FB-DB93-42AB-AA5A-9FCF27E53C6A}.Release|Any CPU.Build.0 = Release|Any CPU
	EndGlobalSection
	GlobalSection(SolutionProperties) = preSolution
		HideSolutionNode = FALSE
	EndGlobalSection
	GlobalSection(ExtensibilityGlobals) = postSolution
		SolutionGuid = {468D9555-5595-4CC7-AAC6-558C65ACDA9E}
	EndGlobalSection
EndGlobal
